// !$*UTF8*$!
{
	archiveVersion = 1;
	classes = {
	};
	objectVersion = 52;
	objects = {

/* Begin PBXBuildFile section */
		8703287D235AC85000931D17 /* BitbarCommand.swift in Sources */ = {isa = PBXBuildFile; fileRef = 8703287C235AC85000931D17 /* BitbarCommand.swift */; };
		8703287F235ACD6200931D17 /* AlfredCommand.swift in Sources */ = {isa = PBXBuildFile; fileRef = 8703287E235ACD6200931D17 /* AlfredCommand.swift */; };
		87BBF4AB235B193800C46FB7 /* Hugo.swift in Sources */ = {isa = PBXBuildFile; fileRef = 87BBF4AA235B193800C46FB7 /* Hugo.swift */; };
		87BBF4AD235B1B3300C46FB7 /* Config.swift in Sources */ = {isa = PBXBuildFile; fileRef = 87BBF4AC235B1B3300C46FB7 /* Config.swift */; };
		C107FCD82359B839008EB8B4 /* ListCommand.swift in Sources */ = {isa = PBXBuildFile; fileRef = C107FCD72359B839008EB8B4 /* ListCommand.swift */; };
		C10D094223586EBF000E4925 /* SwiftCLI+Extensions.swift in Sources */ = {isa = PBXBuildFile; fileRef = C10D094123586EBF000E4925 /* SwiftCLI+Extensions.swift */; };
		C112EF882359634A00A982FC /* Defaults+Extensions.swift in Sources */ = {isa = PBXBuildFile; fileRef = C112EF872359634A00A982FC /* Defaults+Extensions.swift */; };
		C154277423593B9700FD99A1 /* Rainbow in Frameworks */ = {isa = PBXBuildFile; productRef = C154277323593B9700FD99A1 /* Rainbow */; };
		C154277623594FBB00FD99A1 /* OpenCommand.swift in Sources */ = {isa = PBXBuildFile; fileRef = C154277523594FBB00FD99A1 /* OpenCommand.swift */; };
		C18140E12356F684000A7CD9 /* main.swift in Sources */ = {isa = PBXBuildFile; fileRef = C18140E02356F684000A7CD9 /* main.swift */; };
		C18140E92356F6A4000A7CD9 /* SwiftCLI in Frameworks */ = {isa = PBXBuildFile; productRef = C18140E82356F6A4000A7CD9 /* SwiftCLI */; };
		C19AD3F523587A86007879F8 /* Makefile in Sources */ = {isa = PBXBuildFile; fileRef = C19AD3F423587A86007879F8 /* Makefile */; };
		C19AD3F723587B94007879F8 /* ServerCommand.swift in Sources */ = {isa = PBXBuildFile; fileRef = C19AD3F623587B94007879F8 /* ServerCommand.swift */; };
		C19AD3FA23587C99007879F8 /* Yams in Frameworks */ = {isa = PBXBuildFile; productRef = C19AD3F923587C99007879F8 /* Yams */; };
		C19AD40023588087007879F8 /* ConfigCommand.swift in Sources */ = {isa = PBXBuildFile; fileRef = C19AD3FF23588087007879F8 /* ConfigCommand.swift */; };
		C1E88C5323586D410077176E /* NewCommand.swift in Sources */ = {isa = PBXBuildFile; fileRef = C1E88C5223586D410077176E /* NewCommand.swift */; };
/* End PBXBuildFile section */

/* Begin PBXCopyFilesBuildPhase section */
		C18140DB2356F684000A7CD9 /* CopyFiles */ = {
			isa = PBXCopyFilesBuildPhase;
			buildActionMask = 2147483647;
			dstPath = /usr/share/man/man1/;
			dstSubfolderSpec = 0;
			files = (
			);
			runOnlyForDeploymentPostprocessing = 1;
		};
/* End PBXCopyFilesBuildPhase section */

/* Begin PBXFileReference section */
		8703287C235AC85000931D17 /* BitbarCommand.swift */ = {isa = PBXFileReference; lastKnownFileType = sourcecode.swift; path = BitbarCommand.swift; sourceTree = "<group>"; };
		8703287E235ACD6200931D17 /* AlfredCommand.swift */ = {isa = PBXFileReference; lastKnownFileType = sourcecode.swift; path = AlfredCommand.swift; sourceTree = "<group>"; };
		87BBF4AA235B193800C46FB7 /* Hugo.swift */ = {isa = PBXFileReference; lastKnownFileType = sourcecode.swift; path = Hugo.swift; sourceTree = "<group>"; };
		87BBF4AC235B1B3300C46FB7 /* Config.swift */ = {isa = PBXFileReference; lastKnownFileType = sourcecode.swift; path = Config.swift; sourceTree = "<group>"; };
		C107FCD72359B839008EB8B4 /* ListCommand.swift */ = {isa = PBXFileReference; lastKnownFileType = sourcecode.swift; path = ListCommand.swift; sourceTree = "<group>"; };
		C10D094123586EBF000E4925 /* SwiftCLI+Extensions.swift */ = {isa = PBXFileReference; lastKnownFileType = sourcecode.swift; path = "SwiftCLI+Extensions.swift"; sourceTree = "<group>"; };
		C112EF872359634A00A982FC /* Defaults+Extensions.swift */ = {isa = PBXFileReference; lastKnownFileType = sourcecode.swift; path = "Defaults+Extensions.swift"; sourceTree = "<group>"; };
		C154277523594FBB00FD99A1 /* OpenCommand.swift */ = {isa = PBXFileReference; lastKnownFileType = sourcecode.swift; path = OpenCommand.swift; sourceTree = "<group>"; };
		C18140DD2356F684000A7CD9 /* worklog */ = {isa = PBXFileReference; explicitFileType = "compiled.mach-o.executable"; includeInIndex = 0; path = worklog; sourceTree = BUILT_PRODUCTS_DIR; };
		C18140E02356F684000A7CD9 /* main.swift */ = {isa = PBXFileReference; lastKnownFileType = sourcecode.swift; path = main.swift; sourceTree = "<group>"; };
		C19AD3F223587A86007879F8 /* LICENSE */ = {isa = PBXFileReference; fileEncoding = 4; lastKnownFileType = text; path = LICENSE; sourceTree = "<group>"; };
		C19AD3F323587A86007879F8 /* README.md */ = {isa = PBXFileReference; fileEncoding = 4; lastKnownFileType = net.daringfireball.markdown; path = README.md; sourceTree = "<group>"; };
		C19AD3F423587A86007879F8 /* Makefile */ = {isa = PBXFileReference; fileEncoding = 4; lastKnownFileType = sourcecode.make; path = Makefile; sourceTree = "<group>"; };
		C19AD3F623587B94007879F8 /* ServerCommand.swift */ = {isa = PBXFileReference; lastKnownFileType = sourcecode.swift; path = ServerCommand.swift; sourceTree = "<group>"; };
		C19AD3FF23588087007879F8 /* ConfigCommand.swift */ = {isa = PBXFileReference; lastKnownFileType = sourcecode.swift; path = ConfigCommand.swift; sourceTree = "<group>"; };
		C1E88C5223586D410077176E /* NewCommand.swift */ = {isa = PBXFileReference; lastKnownFileType = sourcecode.swift; path = NewCommand.swift; sourceTree = "<group>"; };
/* End PBXFileReference section */

/* Begin PBXFrameworksBuildPhase section */
		C18140DA2356F684000A7CD9 /* Frameworks */ = {
			isa = PBXFrameworksBuildPhase;
			buildActionMask = 2147483647;
			files = (
				C154277423593B9700FD99A1 /* Rainbow in Frameworks */,
				C19AD3FA23587C99007879F8 /* Yams in Frameworks */,
				C18140E92356F6A4000A7CD9 /* SwiftCLI in Frameworks */,
			);
			runOnlyForDeploymentPostprocessing = 0;
		};
/* End PBXFrameworksBuildPhase section */

/* Begin PBXGroup section */
		87BBF4A9235B192400C46FB7 /* Models */ = {
			isa = PBXGroup;
			children = (
				87BBF4AA235B193800C46FB7 /* Hugo.swift */,
				87BBF4AC235B1B3300C46FB7 /* Config.swift */,
			);
			path = Models;
			sourceTree = "<group>";
		};
		C10D094023586EB2000E4925 /* Extensions */ = {
			isa = PBXGroup;
			children = (
				C112EF872359634A00A982FC /* Defaults+Extensions.swift */,
				C10D094123586EBF000E4925 /* SwiftCLI+Extensions.swift */,
			);
			path = Extensions;
			sourceTree = "<group>";
		};
		C18140D42356F684000A7CD9 = {
			isa = PBXGroup;
			children = (
				C18140DE2356F684000A7CD9 /* Products */,
				C18140DF2356F684000A7CD9 /* worklog */,
				C19AD3F223587A86007879F8 /* LICENSE */,
				C19AD3F423587A86007879F8 /* Makefile */,
				C19AD3F323587A86007879F8 /* README.md */,
			);
			sourceTree = "<group>";
		};
		C18140DE2356F684000A7CD9 /* Products */ = {
			isa = PBXGroup;
			children = (
				C18140DD2356F684000A7CD9 /* worklog */,
			);
			name = Products;
			sourceTree = "<group>";
		};
		C18140DF2356F684000A7CD9 /* worklog */ = {
			isa = PBXGroup;
			children = (
				87BBF4A9235B192400C46FB7 /* Models */,
				C10D094023586EB2000E4925 /* Extensions */,
				C1E88C5123586D2D0077176E /* commands */,
				C18140E02356F684000A7CD9 /* main.swift */,
			);
			path = worklog;
			sourceTree = "<group>";
		};
		C1E88C5123586D2D0077176E /* commands */ = {
			isa = PBXGroup;
			children = (
				8703287E235ACD6200931D17 /* AlfredCommand.swift */,
				8703287C235AC85000931D17 /* BitbarCommand.swift */,
				C19AD3FF23588087007879F8 /* ConfigCommand.swift */,
				C107FCD72359B839008EB8B4 /* ListCommand.swift */,
				C1E88C5223586D410077176E /* NewCommand.swift */,
				C154277523594FBB00FD99A1 /* OpenCommand.swift */,
				C19AD3F623587B94007879F8 /* ServerCommand.swift */,
			);
			path = commands;
			sourceTree = "<group>";
		};
/* End PBXGroup section */

/* Begin PBXNativeTarget section */
		C18140DC2356F684000A7CD9 /* worklog */ = {
			isa = PBXNativeTarget;
			buildConfigurationList = C18140E42356F684000A7CD9 /* Build configuration list for PBXNativeTarget "worklog" */;
			buildPhases = (
				C18140D92356F684000A7CD9 /* Sources */,
				C18140DA2356F684000A7CD9 /* Frameworks */,
				C18140DB2356F684000A7CD9 /* CopyFiles */,
			);
			buildRules = (
			);
			dependencies = (
			);
			name = worklog;
			packageProductDependencies = (
				C18140E82356F6A4000A7CD9 /* SwiftCLI */,
				C19AD3F923587C99007879F8 /* Yams */,
				C154277323593B9700FD99A1 /* Rainbow */,
			);
			productName = worklog;
			productReference = C18140DD2356F684000A7CD9 /* worklog */;
			productType = "com.apple.product-type.tool";
		};
/* End PBXNativeTarget section */

/* Begin PBXProject section */
		C18140D52356F684000A7CD9 /* Project object */ = {
			isa = PBXProject;
			attributes = {
				LastSwiftUpdateCheck = 1110;
				LastUpgradeCheck = 1110;
				ORGANIZATIONNAME = "Paul Traylor";
				TargetAttributes = {
					C18140DC2356F684000A7CD9 = {
						CreatedOnToolsVersion = 11.1;
					};
				};
			};
			buildConfigurationList = C18140D82356F684000A7CD9 /* Build configuration list for PBXProject "worklog" */;
			compatibilityVersion = "Xcode 9.3";
			developmentRegion = en;
			hasScannedForEncodings = 0;
			knownRegions = (
				en,
				Base,
			);
			mainGroup = C18140D42356F684000A7CD9;
			packageReferences = (
				C18140E72356F6A4000A7CD9 /* XCRemoteSwiftPackageReference "SwiftCLI" */,
				C19AD3F823587C99007879F8 /* XCRemoteSwiftPackageReference "Yams" */,
				C154277223593B9700FD99A1 /* XCRemoteSwiftPackageReference "Rainbow" */,
			);
			productRefGroup = C18140DE2356F684000A7CD9 /* Products */;
			projectDirPath = "";
			projectRoot = "";
			targets = (
				C18140DC2356F684000A7CD9 /* worklog */,
			);
		};
/* End PBXProject section */

/* Begin PBXSourcesBuildPhase section */
		C18140D92356F684000A7CD9 /* Sources */ = {
			isa = PBXSourcesBuildPhase;
			buildActionMask = 2147483647;
			files = (
				C19AD3F723587B94007879F8 /* ServerCommand.swift in Sources */,
				C1E88C5323586D410077176E /* NewCommand.swift in Sources */,
				C112EF882359634A00A982FC /* Defaults+Extensions.swift in Sources */,
				87BBF4AD235B1B3300C46FB7 /* Config.swift in Sources */,
				C18140E12356F684000A7CD9 /* main.swift in Sources */,
				C107FCD82359B839008EB8B4 /* ListCommand.swift in Sources */,
				87BBF4AB235B193800C46FB7 /* Hugo.swift in Sources */,
				C19AD40023588087007879F8 /* ConfigCommand.swift in Sources */,
				C154277623594FBB00FD99A1 /* OpenCommand.swift in Sources */,
				C19AD3F523587A86007879F8 /* Makefile in Sources */,
				C10D094223586EBF000E4925 /* SwiftCLI+Extensions.swift in Sources */,
				8703287D235AC85000931D17 /* BitbarCommand.swift in Sources */,
				8703287F235ACD6200931D17 /* AlfredCommand.swift in Sources */,
			);
			runOnlyForDeploymentPostprocessing = 0;
		};
/* End PBXSourcesBuildPhase section */

/* Begin XCBuildConfiguration section */
		C18140E22356F684000A7CD9 /* Debug */ = {
			isa = XCBuildConfiguration;
			buildSettings = {
				ALWAYS_SEARCH_USER_PATHS = NO;
				CLANG_ANALYZER_NONNULL = YES;
				CLANG_ANALYZER_NUMBER_OBJECT_CONVERSION = YES_AGGRESSIVE;
				CLANG_CXX_LANGUAGE_STANDARD = "gnu++14";
				CLANG_CXX_LIBRARY = "libc++";
				CLANG_ENABLE_MODULES = YES;
				CLANG_ENABLE_OBJC_ARC = YES;
				CLANG_ENABLE_OBJC_WEAK = YES;
				CLANG_WARN_BLOCK_CAPTURE_AUTORELEASING = YES;
				CLANG_WARN_BOOL_CONVERSION = YES;
				CLANG_WARN_COMMA = YES;
				CLANG_WARN_CONSTANT_CONVERSION = YES;
				CLANG_WARN_DEPRECATED_OBJC_IMPLEMENTATIONS = YES;
				CLANG_WARN_DIRECT_OBJC_ISA_USAGE = YES_ERROR;
				CLANG_WARN_DOCUMENTATION_COMMENTS = YES;
				CLANG_WARN_EMPTY_BODY = YES;
				CLANG_WARN_ENUM_CONVERSION = YES;
				CLANG_WARN_INFINITE_RECURSION = YES;
				CLANG_WARN_INT_CONVERSION = YES;
				CLANG_WARN_NON_LITERAL_NULL_CONVERSION = YES;
				CLANG_WARN_OBJC_IMPLICIT_RETAIN_SELF = YES;
				CLANG_WARN_OBJC_LITERAL_CONVERSION = YES;
				CLANG_WARN_OBJC_ROOT_CLASS = YES_ERROR;
				CLANG_WARN_RANGE_LOOP_ANALYSIS = YES;
				CLANG_WARN_STRICT_PROTOTYPES = YES;
				CLANG_WARN_SUSPICIOUS_MOVE = YES;
				CLANG_WARN_UNGUARDED_AVAILABILITY = YES_AGGRESSIVE;
				CLANG_WARN_UNREACHABLE_CODE = YES;
				CLANG_WARN__DUPLICATE_METHOD_MATCH = YES;
				COPY_PHASE_STRIP = NO;
				DEBUG_INFORMATION_FORMAT = dwarf;
				ENABLE_STRICT_OBJC_MSGSEND = YES;
				ENABLE_TESTABILITY = YES;
				GCC_C_LANGUAGE_STANDARD = gnu11;
				GCC_DYNAMIC_NO_PIC = NO;
				GCC_NO_COMMON_BLOCKS = YES;
				GCC_OPTIMIZATION_LEVEL = 0;
				GCC_PREPROCESSOR_DEFINITIONS = (
					"DEBUG=1",
					"$(inherited)",
				);
				GCC_WARN_64_TO_32_BIT_CONVERSION = YES;
				GCC_WARN_ABOUT_RETURN_TYPE = YES_ERROR;
				GCC_WARN_UNDECLARED_SELECTOR = YES;
				GCC_WARN_UNINITIALIZED_AUTOS = YES_AGGRESSIVE;
				GCC_WARN_UNUSED_FUNCTION = YES;
				GCC_WARN_UNUSED_VARIABLE = YES;
				MACOSX_DEPLOYMENT_TARGET = 10.14;
				MTL_ENABLE_DEBUG_INFO = INCLUDE_SOURCE;
				MTL_FAST_MATH = YES;
				ONLY_ACTIVE_ARCH = YES;
				SDKROOT = macosx;
				SWIFT_ACTIVE_COMPILATION_CONDITIONS = DEBUG;
				SWIFT_OPTIMIZATION_LEVEL = "-Onone";
			};
			name = Debug;
		};
		C18140E32356F684000A7CD9 /* Release */ = {
			isa = XCBuildConfiguration;
			buildSettings = {
				ALWAYS_SEARCH_USER_PATHS = NO;
				CLANG_ANALYZER_NONNULL = YES;
				CLANG_ANALYZER_NUMBER_OBJECT_CONVERSION = YES_AGGRESSIVE;
				CLANG_CXX_LANGUAGE_STANDARD = "gnu++14";
				CLANG_CXX_LIBRARY = "libc++";
				CLANG_ENABLE_MODULES = YES;
				CLANG_ENABLE_OBJC_ARC = YES;
				CLANG_ENABLE_OBJC_WEAK = YES;
				CLANG_WARN_BLOCK_CAPTURE_AUTORELEASING = YES;
				CLANG_WARN_BOOL_CONVERSION = YES;
				CLANG_WARN_COMMA = YES;
				CLANG_WARN_CONSTANT_CONVERSION = YES;
				CLANG_WARN_DEPRECATED_OBJC_IMPLEMENTATIONS = YES;
				CLANG_WARN_DIRECT_OBJC_ISA_USAGE = YES_ERROR;
				CLANG_WARN_DOCUMENTATION_COMMENTS = YES;
				CLANG_WARN_EMPTY_BODY = YES;
				CLANG_WARN_ENUM_CONVERSION = YES;
				CLANG_WARN_INFINITE_RECURSION = YES;
				CLANG_WARN_INT_CONVERSION = YES;
				CLANG_WARN_NON_LITERAL_NULL_CONVERSION = YES;
				CLANG_WARN_OBJC_IMPLICIT_RETAIN_SELF = YES;
				CLANG_WARN_OBJC_LITERAL_CONVERSION = YES;
				CLANG_WARN_OBJC_ROOT_CLASS = YES_ERROR;
				CLANG_WARN_RANGE_LOOP_ANALYSIS = YES;
				CLANG_WARN_STRICT_PROTOTYPES = YES;
				CLANG_WARN_SUSPICIOUS_MOVE = YES;
				CLANG_WARN_UNGUARDED_AVAILABILITY = YES_AGGRESSIVE;
				CLANG_WARN_UNREACHABLE_CODE = YES;
				CLANG_WARN__DUPLICATE_METHOD_MATCH = YES;
				COPY_PHASE_STRIP = NO;
				DEBUG_INFORMATION_FORMAT = "dwarf-with-dsym";
				ENABLE_NS_ASSERTIONS = NO;
				ENABLE_STRICT_OBJC_MSGSEND = YES;
				GCC_C_LANGUAGE_STANDARD = gnu11;
				GCC_NO_COMMON_BLOCKS = YES;
				GCC_WARN_64_TO_32_BIT_CONVERSION = YES;
				GCC_WARN_ABOUT_RETURN_TYPE = YES_ERROR;
				GCC_WARN_UNDECLARED_SELECTOR = YES;
				GCC_WARN_UNINITIALIZED_AUTOS = YES_AGGRESSIVE;
				GCC_WARN_UNUSED_FUNCTION = YES;
				GCC_WARN_UNUSED_VARIABLE = YES;
				MACOSX_DEPLOYMENT_TARGET = 10.14;
				MTL_ENABLE_DEBUG_INFO = NO;
				MTL_FAST_MATH = YES;
				SDKROOT = macosx;
				SWIFT_COMPILATION_MODE = wholemodule;
				SWIFT_OPTIMIZATION_LEVEL = "-O";
			};
			name = Release;
		};
		C18140E52356F684000A7CD9 /* Debug */ = {
			isa = XCBuildConfiguration;
			buildSettings = {
				CODE_SIGN_STYLE = Automatic;
				DEVELOPMENT_TEAM = QX3B8ZS54S;
				ENABLE_HARDENED_RUNTIME = YES;
				PRODUCT_NAME = "$(TARGET_NAME)";
				SWIFT_VERSION = 5.0;
			};
			name = Debug;
		};
		C18140E62356F684000A7CD9 /* Release */ = {
			isa = XCBuildConfiguration;
			buildSettings = {
				CODE_SIGN_STYLE = Automatic;
				DEVELOPMENT_TEAM = QX3B8ZS54S;
				ENABLE_HARDENED_RUNTIME = YES;
				PRODUCT_NAME = "$(TARGET_NAME)";
				SWIFT_VERSION = 5.0;
			};
			name = Release;
		};
/* End XCBuildConfiguration section */

/* Begin XCConfigurationList section */
		C18140D82356F684000A7CD9 /* Build configuration list for PBXProject "worklog" */ = {
			isa = XCConfigurationList;
			buildConfigurations = (
				C18140E22356F684000A7CD9 /* Debug */,
				C18140E32356F684000A7CD9 /* Release */,
			);
			defaultConfigurationIsVisible = 0;
			defaultConfigurationName = Release;
		};
		C18140E42356F684000A7CD9 /* Build configuration list for PBXNativeTarget "worklog" */ = {
			isa = XCConfigurationList;
			buildConfigurations = (
				C18140E52356F684000A7CD9 /* Debug */,
				C18140E62356F684000A7CD9 /* Release */,
			);
			defaultConfigurationIsVisible = 0;
			defaultConfigurationName = Release;
		};
/* End XCConfigurationList section */

/* Begin XCRemoteSwiftPackageReference section */
		C154277223593B9700FD99A1 /* XCRemoteSwiftPackageReference "Rainbow" */ = {
			isa = XCRemoteSwiftPackageReference;
			repositoryURL = "https://github.com/onevcat/Rainbow";
			requirement = {
				kind = upToNextMajorVersion;
				minimumVersion = 3.1.5;
			};
		};
		C18140E72356F6A4000A7CD9 /* XCRemoteSwiftPackageReference "SwiftCLI" */ = {
			isa = XCRemoteSwiftPackageReference;
			repositoryURL = "https://github.com/jakeheis/SwiftCLI";
			requirement = {
				kind = upToNextMajorVersion;
				minimumVersion = 5.3.3;
			};
		};
		C19AD3F823587C99007879F8 /* XCRemoteSwiftPackageReference "Yams" */ = {
			isa = XCRemoteSwiftPackageReference;
			repositoryURL = "https://github.com/jpsim/Yams.git";
			requirement = {
				kind = upToNextMajorVersion;
				minimumVersion = 2.0.0;
			};
		};
/* End XCRemoteSwiftPackageReference section */

/* Begin XCSwiftPackageProductDependency section */
		C154277323593B9700FD99A1 /* Rainbow */ = {
			isa = XCSwiftPackageProductDependency;
			package = C154277223593B9700FD99A1 /* XCRemoteSwiftPackageReference "Rainbow" */;
			productName = Rainbow;
		};
		C18140E82356F6A4000A7CD9 /* SwiftCLI */ = {
			isa = XCSwiftPackageProductDependency;
			package = C18140E72356F6A4000A7CD9 /* XCRemoteSwiftPackageReference "SwiftCLI" */;
			productName = SwiftCLI;
		};
		C19AD3F923587C99007879F8 /* Yams */ = {
			isa = XCSwiftPackageProductDependency;
			package = C19AD3F823587C99007879F8 /* XCRemoteSwiftPackageReference "Yams" */;
			productName = Yams;
		};
/* End XCSwiftPackageProductDependency section */
	};
	rootObject = C18140D52356F684000A7CD9 /* Project object */;
}
